// !$*UTF8*$!
{
	archiveVersion = 1;
	classes = {
	};
	objectVersion = 46;
	objects = {

/* Begin PBXBuildFile section */
		5C9C50EA84AE524A944DC8F2 /* Pods_StyleBy___.framework in Frameworks */ = {isa = PBXBuildFile; fileRef = 12A62B9BA5D08107DD03EB69 /* Pods_StyleBy___.framework */; };
		D383213B31489A4EC4B60486 /* Pods_StyleBy___UITests.framework in Frameworks */ = {isa = PBXBuildFile; fileRef = B4621D623C501614C9F3C45A /* Pods_StyleBy___UITests.framework */; };
		E9ADBE709990C516D74F2B8D /* Pods_StyleBy___Tests.framework in Frameworks */ = {isa = PBXBuildFile; fileRef = F4284DFD829861A597FE4D5E /* Pods_StyleBy___Tests.framework */; };
		ED1E9F831D96F2850078AEA3 /* AppDelegate.swift in Sources */ = {isa = PBXBuildFile; fileRef = ED1E9F821D96F2850078AEA3 /* AppDelegate.swift */; };
		ED1E9F851D96F2850078AEA3 /* ViewController.swift in Sources */ = {isa = PBXBuildFile; fileRef = ED1E9F841D96F2850078AEA3 /* ViewController.swift */; };
		ED1E9F881D96F2850078AEA3 /* Main.storyboard in Resources */ = {isa = PBXBuildFile; fileRef = ED1E9F861D96F2850078AEA3 /* Main.storyboard */; };
		ED1E9F8A1D96F2860078AEA3 /* Assets.xcassets in Resources */ = {isa = PBXBuildFile; fileRef = ED1E9F891D96F2860078AEA3 /* Assets.xcassets */; };
		ED1E9F8D1D96F2860078AEA3 /* LaunchScreen.storyboard in Resources */ = {isa = PBXBuildFile; fileRef = ED1E9F8B1D96F2860078AEA3 /* LaunchScreen.storyboard */; };
		ED1E9FA31D96F2860078AEA3 /* StyleBy___UITests.swift in Sources */ = {isa = PBXBuildFile; fileRef = ED1E9FA21D96F2860078AEA3 /* StyleBy___UITests.swift */; };
		ED1E9FC01D9B53DA0078AEA3 /* Comment.swift in Sources */ = {isa = PBXBuildFile; fileRef = ED1E9FBF1D9B53DA0078AEA3 /* Comment.swift */; };
		ED1E9FC21D9B54260078AEA3 /* User.swift in Sources */ = {isa = PBXBuildFile; fileRef = ED1E9FC11D9B54260078AEA3 /* User.swift */; };
		ED1E9FC41D9B545D0078AEA3 /* Like.swift in Sources */ = {isa = PBXBuildFile; fileRef = ED1E9FC31D9B545D0078AEA3 /* Like.swift */; };
		ED1E9FC61D9B54B60078AEA3 /* Post.swift in Sources */ = {isa = PBXBuildFile; fileRef = ED1E9FC51D9B54B60078AEA3 /* Post.swift */; };
		ED1E9FCB1D9B55C40078AEA3 /* UserController.swift in Sources */ = {isa = PBXBuildFile; fileRef = ED1E9FCA1D9B55C40078AEA3 /* UserController.swift */; };
		ED1E9FCD1D9B58010078AEA3 /* PostController.swift in Sources */ = {isa = PBXBuildFile; fileRef = ED1E9FCC1D9B58010078AEA3 /* PostController.swift */; };
		ED1E9FCF1D9B58540078AEA3 /* ImageController.swift in Sources */ = {isa = PBXBuildFile; fileRef = ED1E9FCE1D9B58540078AEA3 /* ImageController.swift */; };
		ED50DB1F1DEE86680017D818 /* GoogleService-Info.plist in Resources */ = {isa = PBXBuildFile; fileRef = ED50DB1E1DEE86680017D818 /* GoogleService-Info.plist */; };
		ED666CDE1DC0432C002EE979 /* Fashion911TableViewController.swift in Sources */ = {isa = PBXBuildFile; fileRef = ED666CDD1DC0432C002EE979 /* Fashion911TableViewController.swift */; };
		ED75A3F81DE54323007AE5F1 /* Fashion911Comment.swift in Sources */ = {isa = PBXBuildFile; fileRef = ED75A3F71DE54323007AE5F1 /* Fashion911Comment.swift */; };
		ED75A3FA1DEE627F007AE5F1 /* Fashion911lLike.swift in Sources */ = {isa = PBXBuildFile; fileRef = ED75A3F91DEE627F007AE5F1 /* Fashion911lLike.swift */; };
		ED765D601DA00ECD00A86426 /* PostTableViewCell.swift in Sources */ = {isa = PBXBuildFile; fileRef = ED765D5F1DA00ECD00A86426 /* PostTableViewCell.swift */; };
		ED765D621DA00F4400A86426 /* ImageCollectionViewCell.swift in Sources */ = {isa = PBXBuildFile; fileRef = ED765D611DA00F4400A86426 /* ImageCollectionViewCell.swift */; };
		ED765D641DA00F9A00A86426 /* ProfileHeaderCollectionReusableCell.swift in Sources */ = {isa = PBXBuildFile; fileRef = ED765D631DA00F9A00A86426 /* ProfileHeaderCollectionReusableCell.swift */; };
		ED765D661DA010BC00A86426 /* LoginSignupViewController.swift in Sources */ = {isa = PBXBuildFile; fileRef = ED765D651DA010BC00A86426 /* LoginSignupViewController.swift */; };
		ED765D681DA0113F00A86426 /* LoginSignupChoiceViewController.swift in Sources */ = {isa = PBXBuildFile; fileRef = ED765D671DA0113F00A86426 /* LoginSignupChoiceViewController.swift */; };
		ED765D6A1DA012F800A86426 /* AddPhotoTableViewController.swift in Sources */ = {isa = PBXBuildFile; fileRef = ED765D691DA012F800A86426 /* AddPhotoTableViewController.swift */; };
		ED765D6C1DA0137A00A86426 /* ProfileViewController.swift in Sources */ = {isa = PBXBuildFile; fileRef = ED765D6B1DA0137A00A86426 /* ProfileViewController.swift */; };
		ED765D6E1DA013D900A86426 /* UserSearchTableViewController.swift in Sources */ = {isa = PBXBuildFile; fileRef = ED765D6D1DA013D900A86426 /* UserSearchTableViewController.swift */; };
		ED765D701DA0142200A86426 /* UserSearchResultsTableViewController.swift in Sources */ = {isa = PBXBuildFile; fileRef = ED765D6F1DA0142200A86426 /* UserSearchResultsTableViewController.swift */; };
		ED765D721DA015EF00A86426 /* PostDetailTableViewController.swift in Sources */ = {isa = PBXBuildFile; fileRef = ED765D711DA015EF00A86426 /* PostDetailTableViewController.swift */; };
		ED765D741DA0168400A86426 /* StyleByTableViewController.swift in Sources */ = {isa = PBXBuildFile; fileRef = ED765D731DA0168400A86426 /* StyleByTableViewController.swift */; };
		EDF8729B1DC52DCA00368919 /* FirebaseController.swift in Sources */ = {isa = PBXBuildFile; fileRef = EDF8729A1DC52DCA00368919 /* FirebaseController.swift */; };
		EDF8729F1DC5347100368919 /* Fashion911.swift in Sources */ = {isa = PBXBuildFile; fileRef = EDF8729E1DC5347100368919 /* Fashion911.swift */; };
		EDF872A11DC5366500368919 /* Fashion911Controller.swift in Sources */ = {isa = PBXBuildFile; fileRef = EDF872A01DC5366500368919 /* Fashion911Controller.swift */; };
/* End PBXBuildFile section */

/* Begin PBXContainerItemProxy section */
		ED1E9F941D96F2860078AEA3 /* PBXContainerItemProxy */ = {
			isa = PBXContainerItemProxy;
			containerPortal = ED1E9F771D96F2850078AEA3 /* Project object */;
			proxyType = 1;
			remoteGlobalIDString = ED1E9F7E1D96F2850078AEA3;
			remoteInfo = StyleBy...;
		};
		ED1E9F9F1D96F2860078AEA3 /* PBXContainerItemProxy */ = {
			isa = PBXContainerItemProxy;
			containerPortal = ED1E9F771D96F2850078AEA3 /* Project object */;
			proxyType = 1;
			remoteGlobalIDString = ED1E9F7E1D96F2850078AEA3;
			remoteInfo = StyleBy...;
		};
/* End PBXContainerItemProxy section */

/* Begin PBXFileReference section */
		02A861356D770E6AD9724993 /* Pods-StyleBy...Tests.debug.xcconfig */ = {isa = PBXFileReference; includeInIndex = 1; lastKnownFileType = text.xcconfig; name = "Pods-StyleBy...Tests.debug.xcconfig"; path = "Pods/Target Support Files/Pods-StyleBy...Tests/Pods-StyleBy...Tests.debug.xcconfig"; sourceTree = "<group>"; };
		0B79BF0D3188E3C4619B18DD /* Pods-StyleBy....release.xcconfig */ = {isa = PBXFileReference; includeInIndex = 1; lastKnownFileType = text.xcconfig; name = "Pods-StyleBy....release.xcconfig"; path = "Pods/Target Support Files/Pods-StyleBy.../Pods-StyleBy....release.xcconfig"; sourceTree = "<group>"; };
		12A62B9BA5D08107DD03EB69 /* Pods_StyleBy___.framework */ = {isa = PBXFileReference; explicitFileType = wrapper.framework; includeInIndex = 0; path = "Pods_StyleBy___.framework"; sourceTree = BUILT_PRODUCTS_DIR; };
		B4621D623C501614C9F3C45A /* Pods_StyleBy___UITests.framework */ = {isa = PBXFileReference; explicitFileType = wrapper.framework; includeInIndex = 0; path = "Pods_StyleBy___UITests.framework"; sourceTree = BUILT_PRODUCTS_DIR; };
		B7B1DA13870F02BCE7A2AB92 /* Pods-StyleBy...UITests.debug.xcconfig */ = {isa = PBXFileReference; includeInIndex = 1; lastKnownFileType = text.xcconfig; name = "Pods-StyleBy...UITests.debug.xcconfig"; path = "Pods/Target Support Files/Pods-StyleBy...UITests/Pods-StyleBy...UITests.debug.xcconfig"; sourceTree = "<group>"; };
		D0E67311E40DA1D633BDAD21 /* Pods-StyleBy...UITests.release.xcconfig */ = {isa = PBXFileReference; includeInIndex = 1; lastKnownFileType = text.xcconfig; name = "Pods-StyleBy...UITests.release.xcconfig"; path = "Pods/Target Support Files/Pods-StyleBy...UITests/Pods-StyleBy...UITests.release.xcconfig"; sourceTree = "<group>"; };
		E7168B6E11E198CA98017A70 /* Pods-StyleBy...Tests.release.xcconfig */ = {isa = PBXFileReference; includeInIndex = 1; lastKnownFileType = text.xcconfig; name = "Pods-StyleBy...Tests.release.xcconfig"; path = "Pods/Target Support Files/Pods-StyleBy...Tests/Pods-StyleBy...Tests.release.xcconfig"; sourceTree = "<group>"; };
		ED1E9F7F1D96F2850078AEA3 /* StyleBy....app */ = {isa = PBXFileReference; explicitFileType = wrapper.application; includeInIndex = 0; path = StyleBy....app; sourceTree = BUILT_PRODUCTS_DIR; };
		ED1E9F821D96F2850078AEA3 /* AppDelegate.swift */ = {isa = PBXFileReference; lastKnownFileType = sourcecode.swift; name = AppDelegate.swift; path = StyleBy.../AppDelegate.swift; sourceTree = "<group>"; };
		ED1E9F841D96F2850078AEA3 /* ViewController.swift */ = {isa = PBXFileReference; lastKnownFileType = sourcecode.swift; path = ViewController.swift; sourceTree = "<group>"; };
		ED1E9F871D96F2850078AEA3 /* Base */ = {isa = PBXFileReference; lastKnownFileType = file.storyboard; name = Base; path = Base.lproj/Main.storyboard; sourceTree = "<group>"; };
		ED1E9F891D96F2860078AEA3 /* Assets.xcassets */ = {isa = PBXFileReference; lastKnownFileType = folder.assetcatalog; path = Assets.xcassets; sourceTree = "<group>"; };
		ED1E9F8C1D96F2860078AEA3 /* Base */ = {isa = PBXFileReference; lastKnownFileType = file.storyboard; name = Base; path = Base.lproj/LaunchScreen.storyboard; sourceTree = "<group>"; };
		ED1E9F8E1D96F2860078AEA3 /* Info.plist */ = {isa = PBXFileReference; lastKnownFileType = text.plist.xml; path = Info.plist; sourceTree = "<group>"; };
		ED1E9F931D96F2860078AEA3 /* StyleBy...Tests.xctest */ = {isa = PBXFileReference; explicitFileType = wrapper.cfbundle; includeInIndex = 0; path = StyleBy...Tests.xctest; sourceTree = BUILT_PRODUCTS_DIR; };
		ED1E9F991D96F2860078AEA3 /* Info.plist */ = {isa = PBXFileReference; lastKnownFileType = text.plist.xml; path = Info.plist; sourceTree = "<group>"; };
		ED1E9F9E1D96F2860078AEA3 /* StyleBy...UITests.xctest */ = {isa = PBXFileReference; explicitFileType = wrapper.cfbundle; includeInIndex = 0; path = StyleBy...UITests.xctest; sourceTree = BUILT_PRODUCTS_DIR; };
		ED1E9FA21D96F2860078AEA3 /* StyleBy___UITests.swift */ = {isa = PBXFileReference; lastKnownFileType = sourcecode.swift; path = "StyleBy___UITests.swift"; sourceTree = "<group>"; };
		ED1E9FA41D96F2860078AEA3 /* Info.plist */ = {isa = PBXFileReference; lastKnownFileType = text.plist.xml; name = Info.plist; path = StyleBy...UITests/Info.plist; sourceTree = SOURCE_ROOT; };
		ED1E9FBF1D9B53DA0078AEA3 /* Comment.swift */ = {isa = PBXFileReference; fileEncoding = 4; lastKnownFileType = sourcecode.swift; path = Comment.swift; sourceTree = "<group>"; };
		ED1E9FC11D9B54260078AEA3 /* User.swift */ = {isa = PBXFileReference; fileEncoding = 4; lastKnownFileType = sourcecode.swift; path = User.swift; sourceTree = "<group>"; };
		ED1E9FC31D9B545D0078AEA3 /* Like.swift */ = {isa = PBXFileReference; fileEncoding = 4; lastKnownFileType = sourcecode.swift; path = Like.swift; sourceTree = "<group>"; };
		ED1E9FC51D9B54B60078AEA3 /* Post.swift */ = {isa = PBXFileReference; fileEncoding = 4; lastKnownFileType = sourcecode.swift; path = Post.swift; sourceTree = "<group>"; };
		ED1E9FCA1D9B55C40078AEA3 /* UserController.swift */ = {isa = PBXFileReference; fileEncoding = 4; lastKnownFileType = sourcecode.swift; path = UserController.swift; sourceTree = "<group>"; };
		ED1E9FCC1D9B58010078AEA3 /* PostController.swift */ = {isa = PBXFileReference; fileEncoding = 4; lastKnownFileType = sourcecode.swift; path = PostController.swift; sourceTree = "<group>"; };
		ED1E9FCE1D9B58540078AEA3 /* ImageController.swift */ = {isa = PBXFileReference; fileEncoding = 4; lastKnownFileType = sourcecode.swift; path = ImageController.swift; sourceTree = "<group>"; };
		ED50DB1E1DEE86680017D818 /* GoogleService-Info.plist */ = {isa = PBXFileReference; fileEncoding = 4; lastKnownFileType = text.plist.xml; path = "GoogleService-Info.plist"; sourceTree = "<group>"; };
		ED666CDD1DC0432C002EE979 /* Fashion911TableViewController.swift */ = {isa = PBXFileReference; fileEncoding = 4; lastKnownFileType = sourcecode.swift; path = Fashion911TableViewController.swift; sourceTree = "<group>"; };
		ED75A3F71DE54323007AE5F1 /* Fashion911Comment.swift */ = {isa = PBXFileReference; fileEncoding = 4; lastKnownFileType = sourcecode.swift; path = Fashion911Comment.swift; sourceTree = "<group>"; };
		ED75A3F91DEE627F007AE5F1 /* Fashion911lLike.swift */ = {isa = PBXFileReference; fileEncoding = 4; lastKnownFileType = sourcecode.swift; path = Fashion911lLike.swift; sourceTree = "<group>"; };
		ED765D5F1DA00ECD00A86426 /* PostTableViewCell.swift */ = {isa = PBXFileReference; fileEncoding = 4; lastKnownFileType = sourcecode.swift; path = PostTableViewCell.swift; sourceTree = "<group>"; };
		ED765D611DA00F4400A86426 /* ImageCollectionViewCell.swift */ = {isa = PBXFileReference; fileEncoding = 4; lastKnownFileType = sourcecode.swift; path = ImageCollectionViewCell.swift; sourceTree = "<group>"; };
		ED765D631DA00F9A00A86426 /* ProfileHeaderCollectionReusableCell.swift */ = {isa = PBXFileReference; fileEncoding = 4; lastKnownFileType = sourcecode.swift; path = ProfileHeaderCollectionReusableCell.swift; sourceTree = "<group>"; };
		ED765D651DA010BC00A86426 /* LoginSignupViewController.swift */ = {isa = PBXFileReference; fileEncoding = 4; lastKnownFileType = sourcecode.swift; path = LoginSignupViewController.swift; sourceTree = "<group>"; };
		ED765D671DA0113F00A86426 /* LoginSignupChoiceViewController.swift */ = {isa = PBXFileReference; fileEncoding = 4; lastKnownFileType = sourcecode.swift; path = LoginSignupChoiceViewController.swift; sourceTree = "<group>"; };
		ED765D691DA012F800A86426 /* AddPhotoTableViewController.swift */ = {isa = PBXFileReference; fileEncoding = 4; lastKnownFileType = sourcecode.swift; path = AddPhotoTableViewController.swift; sourceTree = "<group>"; };
		ED765D6B1DA0137A00A86426 /* ProfileViewController.swift */ = {isa = PBXFileReference; fileEncoding = 4; lastKnownFileType = sourcecode.swift; path = ProfileViewController.swift; sourceTree = "<group>"; };
		ED765D6D1DA013D900A86426 /* UserSearchTableViewController.swift */ = {isa = PBXFileReference; fileEncoding = 4; lastKnownFileType = sourcecode.swift; path = UserSearchTableViewController.swift; sourceTree = "<group>"; };
		ED765D6F1DA0142200A86426 /* UserSearchResultsTableViewController.swift */ = {isa = PBXFileReference; fileEncoding = 4; lastKnownFileType = sourcecode.swift; path = UserSearchResultsTableViewController.swift; sourceTree = "<group>"; };
		ED765D711DA015EF00A86426 /* PostDetailTableViewController.swift */ = {isa = PBXFileReference; fileEncoding = 4; lastKnownFileType = sourcecode.swift; path = PostDetailTableViewController.swift; sourceTree = "<group>"; };
		ED765D731DA0168400A86426 /* StyleByTableViewController.swift */ = {isa = PBXFileReference; fileEncoding = 4; lastKnownFileType = sourcecode.swift; path = StyleByTableViewController.swift; sourceTree = "<group>"; };
		EDF8729A1DC52DCA00368919 /* FirebaseController.swift */ = {isa = PBXFileReference; fileEncoding = 4; lastKnownFileType = sourcecode.swift; path = FirebaseController.swift; sourceTree = "<group>"; };
		EDF8729E1DC5347100368919 /* Fashion911.swift */ = {isa = PBXFileReference; fileEncoding = 4; lastKnownFileType = sourcecode.swift; path = Fashion911.swift; sourceTree = "<group>"; };
		EDF872A01DC5366500368919 /* Fashion911Controller.swift */ = {isa = PBXFileReference; fileEncoding = 4; lastKnownFileType = sourcecode.swift; path = Fashion911Controller.swift; sourceTree = "<group>"; };
		F2A06CD468AE1F06049F4E3E /* Pods-StyleBy....debug.xcconfig */ = {isa = PBXFileReference; includeInIndex = 1; lastKnownFileType = text.xcconfig; name = "Pods-StyleBy....debug.xcconfig"; path = "Pods/Target Support Files/Pods-StyleBy.../Pods-StyleBy....debug.xcconfig"; sourceTree = "<group>"; };
		F4284DFD829861A597FE4D5E /* Pods_StyleBy___Tests.framework */ = {isa = PBXFileReference; explicitFileType = wrapper.framework; includeInIndex = 0; path = "Pods_StyleBy___Tests.framework"; sourceTree = BUILT_PRODUCTS_DIR; };
/* End PBXFileReference section */

/* Begin PBXFrameworksBuildPhase section */
		ED1E9F7C1D96F2850078AEA3 /* Frameworks */ = {
			isa = PBXFrameworksBuildPhase;
			buildActionMask = 2147483647;
			files = (
				5C9C50EA84AE524A944DC8F2 /* Pods_StyleBy___.framework in Frameworks */,
			);
			runOnlyForDeploymentPostprocessing = 0;
		};
		ED1E9F901D96F2860078AEA3 /* Frameworks */ = {
			isa = PBXFrameworksBuildPhase;
			buildActionMask = 2147483647;
			files = (
				E9ADBE709990C516D74F2B8D /* Pods_StyleBy___Tests.framework in Frameworks */,
			);
			runOnlyForDeploymentPostprocessing = 0;
		};
		ED1E9F9B1D96F2860078AEA3 /* Frameworks */ = {
			isa = PBXFrameworksBuildPhase;
			buildActionMask = 2147483647;
			files = (
				D383213B31489A4EC4B60486 /* Pods_StyleBy___UITests.framework in Frameworks */,
			);
			runOnlyForDeploymentPostprocessing = 0;
		};
/* End PBXFrameworksBuildPhase section */

/* Begin PBXGroup section */
		18B12EB775A0CF336778E341 /* Frameworks */ = {
			isa = PBXGroup;
			children = (
				12A62B9BA5D08107DD03EB69 /* Pods_StyleBy___.framework */,
				F4284DFD829861A597FE4D5E /* Pods_StyleBy___Tests.framework */,
				B4621D623C501614C9F3C45A /* Pods_StyleBy___UITests.framework */,
			);
			name = Frameworks;
			sourceTree = "<group>";
		};
		C608A9419F081F871AF43AC2 /* Pods */ = {
			isa = PBXGroup;
			children = (
				F2A06CD468AE1F06049F4E3E /* Pods-StyleBy....debug.xcconfig */,
				0B79BF0D3188E3C4619B18DD /* Pods-StyleBy....release.xcconfig */,
				02A861356D770E6AD9724993 /* Pods-StyleBy...Tests.debug.xcconfig */,
				E7168B6E11E198CA98017A70 /* Pods-StyleBy...Tests.release.xcconfig */,
				B7B1DA13870F02BCE7A2AB92 /* Pods-StyleBy...UITests.debug.xcconfig */,
				D0E67311E40DA1D633BDAD21 /* Pods-StyleBy...UITests.release.xcconfig */,
			);
			name = Pods;
			sourceTree = "<group>";
		};
		ED1E9F761D96F2850078AEA3 = {
			isa = PBXGroup;
			children = (
				ED1E9F811D96F2850078AEA3 /* StyleBy... */,
				ED1E9F961D96F2860078AEA3 /* StyleBy...Tests */,
				ED1E9FA11D96F2860078AEA3 /* StyleBy...UITests */,
				ED1E9F801D96F2850078AEA3 /* Products */,
				C608A9419F081F871AF43AC2 /* Pods */,
				18B12EB775A0CF336778E341 /* Frameworks */,
			);
			sourceTree = "<group>";
		};
		ED1E9F801D96F2850078AEA3 /* Products */ = {
			isa = PBXGroup;
			children = (
				ED1E9F7F1D96F2850078AEA3 /* StyleBy....app */,
				ED1E9F931D96F2860078AEA3 /* StyleBy...Tests.xctest */,
				ED1E9F9E1D96F2860078AEA3 /* StyleBy...UITests.xctest */,
			);
			name = Products;
			sourceTree = "<group>";
		};
		ED1E9F811D96F2850078AEA3 /* StyleBy... */ = {
			isa = PBXGroup;
			children = (
				ED1E9FB21D96F8F40078AEA3 /* Sources */,
				ED1E9FB01D96F86B0078AEA3 /* Storyboards */,
				ED1E9FB51D970CE60078AEA3 /* Model */,
				ED1E9FC71D9B55040078AEA3 /* Model Controllers */,
				ED765D551DA00D4D00A86426 /* Views */,
				ED1E9FBE1D9B501A0078AEA3 /* View Controllers */,
				ED1E9FA41D96F2860078AEA3 /* Info.plist */,
				ED50DB1E1DEE86680017D818 /* GoogleService-Info.plist */,
			);
			path = StyleBy...;
			sourceTree = "<group>";
		};
		ED1E9F961D96F2860078AEA3 /* StyleBy...Tests */ = {
			isa = PBXGroup;
			children = (
				ED1E9F991D96F2860078AEA3 /* Info.plist */,
			);
			path = StyleBy...Tests;
			sourceTree = "<group>";
		};
		ED1E9FA11D96F2860078AEA3 /* StyleBy...UITests */ = {
			isa = PBXGroup;
			children = (
				ED1E9FA21D96F2860078AEA3 /* StyleBy___UITests.swift */,
			);
			path = StyleBy...UITests;
			sourceTree = "<group>";
		};
		ED1E9FB01D96F86B0078AEA3 /* Storyboards */ = {
			isa = PBXGroup;
			children = (
				ED1E9F8B1D96F2860078AEA3 /* LaunchScreen.storyboard */,
				ED1E9F861D96F2850078AEA3 /* Main.storyboard */,
			);
			name = Storyboards;
			path = ..;
			sourceTree = "<group>";
		};
		ED1E9FB21D96F8F40078AEA3 /* Sources */ = {
			isa = PBXGroup;
			children = (
				ED1E9F821D96F2850078AEA3 /* AppDelegate.swift */,
			);
			name = Sources;
			path = ..;
			sourceTree = "<group>";
		};
		ED1E9FB51D970CE60078AEA3 /* Model */ = {
			isa = PBXGroup;
			children = (
				ED75A3F91DEE627F007AE5F1 /* Fashion911lLike.swift */,
				ED1E9FBF1D9B53DA0078AEA3 /* Comment.swift */,
				ED75A3F71DE54323007AE5F1 /* Fashion911Comment.swift */,
				ED1E9FC11D9B54260078AEA3 /* User.swift */,
				ED1E9FC31D9B545D0078AEA3 /* Like.swift */,
				ED1E9FC51D9B54B60078AEA3 /* Post.swift */,
				EDF8729E1DC5347100368919 /* Fashion911.swift */,
			);
			name = Model;
			path = ..;
			sourceTree = "<group>";
		};
		ED1E9FBE1D9B501A0078AEA3 /* View Controllers */ = {
			isa = PBXGroup;
			children = (
				ED1E9F841D96F2850078AEA3 /* ViewController.swift */,
				ED765D651DA010BC00A86426 /* LoginSignupViewController.swift */,
				ED765D671DA0113F00A86426 /* LoginSignupChoiceViewController.swift */,
				ED765D691DA012F800A86426 /* AddPhotoTableViewController.swift */,
				ED765D6B1DA0137A00A86426 /* ProfileViewController.swift */,
				ED765D6D1DA013D900A86426 /* UserSearchTableViewController.swift */,
				ED765D6F1DA0142200A86426 /* UserSearchResultsTableViewController.swift */,
				ED765D711DA015EF00A86426 /* PostDetailTableViewController.swift */,
				ED765D731DA0168400A86426 /* StyleByTableViewController.swift */,
				ED666CDD1DC0432C002EE979 /* Fashion911TableViewController.swift */,
				ED1E9F891D96F2860078AEA3 /* Assets.xcassets */,
				ED1E9F8E1D96F2860078AEA3 /* Info.plist */,
			);
			name = "View Controllers";
			sourceTree = "<group>";
		};
		ED1E9FC71D9B55040078AEA3 /* Model Controllers */ = {
			isa = PBXGroup;
			children = (
				ED1E9FCA1D9B55C40078AEA3 /* UserController.swift */,
				ED1E9FCC1D9B58010078AEA3 /* PostController.swift */,
				ED1E9FCE1D9B58540078AEA3 /* ImageController.swift */,
				EDF8729A1DC52DCA00368919 /* FirebaseController.swift */,
				EDF872A01DC5366500368919 /* Fashion911Controller.swift */,
			);
			name = "Model Controllers";
			sourceTree = "<group>";
		};
		ED765D551DA00D4D00A86426 /* Views */ = {
			isa = PBXGroup;
			children = (
				ED765D5F1DA00ECD00A86426 /* PostTableViewCell.swift */,
				ED765D611DA00F4400A86426 /* ImageCollectionViewCell.swift */,
				ED765D631DA00F9A00A86426 /* ProfileHeaderCollectionReusableCell.swift */,
			);
			name = Views;
			sourceTree = "<group>";
		};
/* End PBXGroup section */

/* Begin PBXNativeTarget section */
		ED1E9F7E1D96F2850078AEA3 /* StyleBy... */ = {
			isa = PBXNativeTarget;
			buildConfigurationList = ED1E9FA71D96F2860078AEA3 /* Build configuration list for PBXNativeTarget "StyleBy..." */;
			buildPhases = (
				7A939DFD42666870C43F66EA /* [CP] Check Pods Manifest.lock */,
				ED1E9F7B1D96F2850078AEA3 /* Sources */,
				ED1E9F7C1D96F2850078AEA3 /* Frameworks */,
				ED1E9F7D1D96F2850078AEA3 /* Resources */,
				03718DAE6B59BC4A35CDF7E5 /* [CP] Embed Pods Frameworks */,
				4BEA5A6F10F6097CEB8E44BA /* [CP] Copy Pods Resources */,
			);
			buildRules = (
			);
			dependencies = (
			);
			name = StyleBy...;
			productName = StyleBy...;
			productReference = ED1E9F7F1D96F2850078AEA3 /* StyleBy....app */;
			productType = "com.apple.product-type.application";
		};
		ED1E9F921D96F2860078AEA3 /* StyleBy...Tests */ = {
			isa = PBXNativeTarget;
			buildConfigurationList = ED1E9FAA1D96F2860078AEA3 /* Build configuration list for PBXNativeTarget "StyleBy...Tests" */;
			buildPhases = (
				37A3E6891CB792C80187A728 /* [CP] Check Pods Manifest.lock */,
				ED1E9F8F1D96F2860078AEA3 /* Sources */,
				ED1E9F901D96F2860078AEA3 /* Frameworks */,
				ED1E9F911D96F2860078AEA3 /* Resources */,
				F5367C9336C7DB9792204E0B /* [CP] Embed Pods Frameworks */,
				6EE2C39DDCA60B19A4D3B772 /* [CP] Copy Pods Resources */,
			);
			buildRules = (
			);
			dependencies = (
				ED1E9F951D96F2860078AEA3 /* PBXTargetDependency */,
			);
			name = StyleBy...Tests;
			productName = StyleBy...Tests;
			productReference = ED1E9F931D96F2860078AEA3 /* StyleBy...Tests.xctest */;
			productType = "com.apple.product-type.bundle.unit-test";
		};
		ED1E9F9D1D96F2860078AEA3 /* StyleBy...UITests */ = {
			isa = PBXNativeTarget;
			buildConfigurationList = ED1E9FAD1D96F2860078AEA3 /* Build configuration list for PBXNativeTarget "StyleBy...UITests" */;
			buildPhases = (
				523528FAE218316DF09ADDAA /* [CP] Check Pods Manifest.lock */,
				ED1E9F9A1D96F2860078AEA3 /* Sources */,
				ED1E9F9B1D96F2860078AEA3 /* Frameworks */,
				ED1E9F9C1D96F2860078AEA3 /* Resources */,
				C44BA3032DF783929ED280A6 /* [CP] Copy Pods Resources */,
			);
			buildRules = (
			);
			dependencies = (
				ED1E9FA01D96F2860078AEA3 /* PBXTargetDependency */,
			);
			name = StyleBy...UITests;
			productName = StyleBy...UITests;
			productReference = ED1E9F9E1D96F2860078AEA3 /* StyleBy...UITests.xctest */;
			productType = "com.apple.product-type.bundle.ui-testing";
		};
/* End PBXNativeTarget section */

/* Begin PBXProject section */
		ED1E9F771D96F2850078AEA3 /* Project object */ = {
			isa = PBXProject;
			attributes = {
				LastSwiftUpdateCheck = 0730;
				LastUpgradeCheck = 0730;
				ORGANIZATIONNAME = Jason;
				TargetAttributes = {
					ED1E9F7E1D96F2850078AEA3 = {
						CreatedOnToolsVersion = 7.3.1;
						DevelopmentTeam = 8WU7GKZH78;
						LastSwiftMigration = 0820;
					};
					ED1E9F921D96F2860078AEA3 = {
						CreatedOnToolsVersion = 7.3.1;
						TestTargetID = ED1E9F7E1D96F2850078AEA3;
					};
					ED1E9F9D1D96F2860078AEA3 = {
						CreatedOnToolsVersion = 7.3.1;
						LastSwiftMigration = 0820;
						TestTargetID = ED1E9F7E1D96F2850078AEA3;
					};
				};
			};
			buildConfigurationList = ED1E9F7A1D96F2850078AEA3 /* Build configuration list for PBXProject "StyleBy..." */;
			compatibilityVersion = "Xcode 3.2";
			developmentRegion = English;
			hasScannedForEncodings = 0;
			knownRegions = (
				en,
				Base,
			);
			mainGroup = ED1E9F761D96F2850078AEA3;
			productRefGroup = ED1E9F801D96F2850078AEA3 /* Products */;
			projectDirPath = "";
			projectRoot = "";
			targets = (
				ED1E9F7E1D96F2850078AEA3 /* StyleBy... */,
				ED1E9F921D96F2860078AEA3 /* StyleBy...Tests */,
				ED1E9F9D1D96F2860078AEA3 /* StyleBy...UITests */,
			);
		};
/* End PBXProject section */

/* Begin PBXResourcesBuildPhase section */
		ED1E9F7D1D96F2850078AEA3 /* Resources */ = {
			isa = PBXResourcesBuildPhase;
			buildActionMask = 2147483647;
			files = (
				ED1E9F8D1D96F2860078AEA3 /* LaunchScreen.storyboard in Resources */,
				ED50DB1F1DEE86680017D818 /* GoogleService-Info.plist in Resources */,
				ED1E9F8A1D96F2860078AEA3 /* Assets.xcassets in Resources */,
				ED1E9F881D96F2850078AEA3 /* Main.storyboard in Resources */,
			);
			runOnlyForDeploymentPostprocessing = 0;
		};
		ED1E9F911D96F2860078AEA3 /* Resources */ = {
			isa = PBXResourcesBuildPhase;
			buildActionMask = 2147483647;
			files = (
			);
			runOnlyForDeploymentPostprocessing = 0;
		};
		ED1E9F9C1D96F2860078AEA3 /* Resources */ = {
			isa = PBXResourcesBuildPhase;
			buildActionMask = 2147483647;
			files = (
			);
			runOnlyForDeploymentPostprocessing = 0;
		};
/* End PBXResourcesBuildPhase section */

/* Begin PBXShellScriptBuildPhase section */
		03718DAE6B59BC4A35CDF7E5 /* [CP] Embed Pods Frameworks */ = {
			isa = PBXShellScriptBuildPhase;
			buildActionMask = 2147483647;
			files = (
			);
			inputPaths = (
			);
			name = "[CP] Embed Pods Frameworks";
			outputPaths = (
			);
			runOnlyForDeploymentPostprocessing = 0;
			shellPath = /bin/sh;
			shellScript = "\"${SRCROOT}/Pods/Target Support Files/Pods-StyleBy.../Pods-StyleBy...-frameworks.sh\"\n";
			showEnvVarsInLog = 0;
		};
		37A3E6891CB792C80187A728 /* [CP] Check Pods Manifest.lock */ = {
			isa = PBXShellScriptBuildPhase;
			buildActionMask = 2147483647;
			files = (
			);
			inputPaths = (
			);
			name = "[CP] Check Pods Manifest.lock";
			outputPaths = (
			);
			runOnlyForDeploymentPostprocessing = 0;
			shellPath = /bin/sh;
			shellScript = "diff \"${PODS_ROOT}/../Podfile.lock\" \"${PODS_ROOT}/Manifest.lock\" > /dev/null\nif [[ $? != 0 ]] ; then\n    cat << EOM\nerror: The sandbox is not in sync with the Podfile.lock. Run 'pod install' or update your CocoaPods installation.\nEOM\n    exit 1\nfi\n";
			showEnvVarsInLog = 0;
		};
		4BEA5A6F10F6097CEB8E44BA /* [CP] Copy Pods Resources */ = {
			isa = PBXShellScriptBuildPhase;
			buildActionMask = 2147483647;
			files = (
			);
			inputPaths = (
			);
			name = "[CP] Copy Pods Resources";
			outputPaths = (
			);
			runOnlyForDeploymentPostprocessing = 0;
			shellPath = /bin/sh;
			shellScript = "\"${SRCROOT}/Pods/Target Support Files/Pods-StyleBy.../Pods-StyleBy...-resources.sh\"\n";
			showEnvVarsInLog = 0;
		};
		523528FAE218316DF09ADDAA /* [CP] Check Pods Manifest.lock */ = {
			isa = PBXShellScriptBuildPhase;
			buildActionMask = 2147483647;
			files = (
			);
			inputPaths = (
			);
			name = "[CP] Check Pods Manifest.lock";
			outputPaths = (
			);
			runOnlyForDeploymentPostprocessing = 0;
			shellPath = /bin/sh;
			shellScript = "diff \"${PODS_ROOT}/../Podfile.lock\" \"${PODS_ROOT}/Manifest.lock\" > /dev/null\nif [[ $? != 0 ]] ; then\n    cat << EOM\nerror: The sandbox is not in sync with the Podfile.lock. Run 'pod install' or update your CocoaPods installation.\nEOM\n    exit 1\nfi\n";
			showEnvVarsInLog = 0;
		};
		6EE2C39DDCA60B19A4D3B772 /* [CP] Copy Pods Resources */ = {
			isa = PBXShellScriptBuildPhase;
			buildActionMask = 2147483647;
			files = (
			);
			inputPaths = (
			);
			name = "[CP] Copy Pods Resources";
			outputPaths = (
			);
			runOnlyForDeploymentPostprocessing = 0;
			shellPath = /bin/sh;
			shellScript = "\"${SRCROOT}/Pods/Target Support Files/Pods-StyleBy...Tests/Pods-StyleBy...Tests-resources.sh\"\n";
			showEnvVarsInLog = 0;
		};
		7A939DFD42666870C43F66EA /* [CP] Check Pods Manifest.lock */ = {
			isa = PBXShellScriptBuildPhase;
			buildActionMask = 2147483647;
			files = (
			);
			inputPaths = (
			);
			name = "[CP] Check Pods Manifest.lock";
			outputPaths = (
			);
			runOnlyForDeploymentPostprocessing = 0;
			shellPath = /bin/sh;
			shellScript = "diff \"${PODS_ROOT}/../Podfile.lock\" \"${PODS_ROOT}/Manifest.lock\" > /dev/null\nif [[ $? != 0 ]] ; then\n    cat << EOM\nerror: The sandbox is not in sync with the Podfile.lock. Run 'pod install' or update your CocoaPods installation.\nEOM\n    exit 1\nfi\n";
			showEnvVarsInLog = 0;
		};
		C44BA3032DF783929ED280A6 /* [CP] Copy Pods Resources */ = {
			isa = PBXShellScriptBuildPhase;
			buildActionMask = 2147483647;
			files = (
			);
			inputPaths = (
			);
			name = "[CP] Copy Pods Resources";
			outputPaths = (
			);
			runOnlyForDeploymentPostprocessing = 0;
			shellPath = /bin/sh;
			shellScript = "\"${SRCROOT}/Pods/Target Support Files/Pods-StyleBy...UITests/Pods-StyleBy...UITests-resources.sh\"\n";
			showEnvVarsInLog = 0;
		};
		F5367C9336C7DB9792204E0B /* [CP] Embed Pods Frameworks */ = {
			isa = PBXShellScriptBuildPhase;
			buildActionMask = 2147483647;
			files = (
			);
			inputPaths = (
			);
			name = "[CP] Embed Pods Frameworks";
			outputPaths = (
			);
			runOnlyForDeploymentPostprocessing = 0;
			shellPath = /bin/sh;
			shellScript = "\"${SRCROOT}/Pods/Target Support Files/Pods-StyleBy...Tests/Pods-StyleBy...Tests-frameworks.sh\"\n";
			showEnvVarsInLog = 0;
		};
/* End PBXShellScriptBuildPhase section */

/* Begin PBXSourcesBuildPhase section */
		ED1E9F7B1D96F2850078AEA3 /* Sources */ = {
			isa = PBXSourcesBuildPhase;
			buildActionMask = 2147483647;
			files = (
				ED765D601DA00ECD00A86426 /* PostTableViewCell.swift in Sources */,
				EDF8729B1DC52DCA00368919 /* FirebaseController.swift in Sources */,
				ED1E9FC21D9B54260078AEA3 /* User.swift in Sources */,
				ED765D6A1DA012F800A86426 /* AddPhotoTableViewController.swift in Sources */,
				ED765D661DA010BC00A86426 /* LoginSignupViewController.swift in Sources */,
				ED666CDE1DC0432C002EE979 /* Fashion911TableViewController.swift in Sources */,
				EDF8729F1DC5347100368919 /* Fashion911.swift in Sources */,
				ED1E9F851D96F2850078AEA3 /* ViewController.swift in Sources */,
				ED75A3F81DE54323007AE5F1 /* Fashion911Comment.swift in Sources */,
				ED1E9FCB1D9B55C40078AEA3 /* UserController.swift in Sources */,
				ED765D741DA0168400A86426 /* StyleByTableViewController.swift in Sources */,
				ED1E9FC01D9B53DA0078AEA3 /* Comment.swift in Sources */,
				ED765D6C1DA0137A00A86426 /* ProfileViewController.swift in Sources */,
				EDF872A11DC5366500368919 /* Fashion911Controller.swift in Sources */,
				ED765D621DA00F4400A86426 /* ImageCollectionViewCell.swift in Sources */,
				ED765D721DA015EF00A86426 /* PostDetailTableViewController.swift in Sources */,
				ED75A3FA1DEE627F007AE5F1 /* Fashion911lLike.swift in Sources */,
				ED765D6E1DA013D900A86426 /* UserSearchTableViewController.swift in Sources */,
				ED1E9FCF1D9B58540078AEA3 /* ImageController.swift in Sources */,
				ED1E9FCD1D9B58010078AEA3 /* PostController.swift in Sources */,
				ED765D701DA0142200A86426 /* UserSearchResultsTableViewController.swift in Sources */,
				ED765D681DA0113F00A86426 /* LoginSignupChoiceViewController.swift in Sources */,
				ED1E9FC61D9B54B60078AEA3 /* Post.swift in Sources */,
				ED765D641DA00F9A00A86426 /* ProfileHeaderCollectionReusableCell.swift in Sources */,
				ED1E9F831D96F2850078AEA3 /* AppDelegate.swift in Sources */,
				ED1E9FC41D9B545D0078AEA3 /* Like.swift in Sources */,
			);
			runOnlyForDeploymentPostprocessing = 0;
		};
		ED1E9F8F1D96F2860078AEA3 /* Sources */ = {
			isa = PBXSourcesBuildPhase;
			buildActionMask = 2147483647;
			files = (
			);
			runOnlyForDeploymentPostprocessing = 0;
		};
		ED1E9F9A1D96F2860078AEA3 /* Sources */ = {
			isa = PBXSourcesBuildPhase;
			buildActionMask = 2147483647;
			files = (
				ED1E9FA31D96F2860078AEA3 /* StyleBy___UITests.swift in Sources */,
			);
			runOnlyForDeploymentPostprocessing = 0;
		};
/* End PBXSourcesBuildPhase section */

/* Begin PBXTargetDependency section */
		ED1E9F951D96F2860078AEA3 /* PBXTargetDependency */ = {
			isa = PBXTargetDependency;
			target = ED1E9F7E1D96F2850078AEA3 /* StyleBy... */;
			targetProxy = ED1E9F941D96F2860078AEA3 /* PBXContainerItemProxy */;
		};
		ED1E9FA01D96F2860078AEA3 /* PBXTargetDependency */ = {
			isa = PBXTargetDependency;
			target = ED1E9F7E1D96F2850078AEA3 /* StyleBy... */;
			targetProxy = ED1E9F9F1D96F2860078AEA3 /* PBXContainerItemProxy */;
		};
/* End PBXTargetDependency section */

/* Begin PBXVariantGroup section */
		ED1E9F861D96F2850078AEA3 /* Main.storyboard */ = {
			isa = PBXVariantGroup;
			children = (
				ED1E9F871D96F2850078AEA3 /* Base */,
			);
			name = Main.storyboard;
			path = StyleBy...;
			sourceTree = "<group>";
		};
		ED1E9F8B1D96F2860078AEA3 /* LaunchScreen.storyboard */ = {
			isa = PBXVariantGroup;
			children = (
				ED1E9F8C1D96F2860078AEA3 /* Base */,
			);
			name = LaunchScreen.storyboard;
			path = StyleBy...;
			sourceTree = "<group>";
		};
/* End PBXVariantGroup section */

/* Begin XCBuildConfiguration section */
		ED1E9FA51D96F2860078AEA3 /* Debug */ = {
			isa = XCBuildConfiguration;
			buildSettings = {
				ALWAYS_SEARCH_USER_PATHS = NO;
				CLANG_ANALYZER_NONNULL = YES;
				CLANG_CXX_LANGUAGE_STANDARD = "gnu++0x";
				CLANG_CXX_LIBRARY = "libc++";
				CLANG_ENABLE_MODULES = YES;
				CLANG_ENABLE_OBJC_ARC = YES;
				CLANG_WARN_BOOL_CONVERSION = YES;
				CLANG_WARN_CONSTANT_CONVERSION = YES;
				CLANG_WARN_DIRECT_OBJC_ISA_USAGE = YES_ERROR;
				CLANG_WARN_EMPTY_BODY = YES;
				CLANG_WARN_ENUM_CONVERSION = YES;
				CLANG_WARN_INT_CONVERSION = YES;
				CLANG_WARN_OBJC_ROOT_CLASS = YES_ERROR;
				CLANG_WARN_UNREACHABLE_CODE = YES;
				CLANG_WARN__DUPLICATE_METHOD_MATCH = YES;
				"CODE_SIGN_IDENTITY[sdk=iphoneos*]" = "iPhone Developer";
				COPY_PHASE_STRIP = NO;
				DEBUG_INFORMATION_FORMAT = dwarf;
				ENABLE_STRICT_OBJC_MSGSEND = YES;
				ENABLE_TESTABILITY = YES;
				GCC_C_LANGUAGE_STANDARD = gnu99;
				GCC_DYNAMIC_NO_PIC = NO;
				GCC_NO_COMMON_BLOCKS = YES;
				GCC_OPTIMIZATION_LEVEL = 0;
				GCC_PREPROCESSOR_DEFINITIONS = (
					"DEBUG=1",
					"$(inherited)",
				);
				GCC_WARN_64_TO_32_BIT_CONVERSION = YES;
				GCC_WARN_ABOUT_RETURN_TYPE = YES_ERROR;
				GCC_WARN_UNDECLARED_SELECTOR = YES;
				GCC_WARN_UNINITIALIZED_AUTOS = YES_AGGRESSIVE;
				GCC_WARN_UNUSED_FUNCTION = YES;
				GCC_WARN_UNUSED_VARIABLE = YES;
				IPHONEOS_DEPLOYMENT_TARGET = 9.3;
				MTL_ENABLE_DEBUG_INFO = YES;
				ONLY_ACTIVE_ARCH = YES;
				SDKROOT = iphoneos;
				SWIFT_OPTIMIZATION_LEVEL = "-Onone";
			};
			name = Debug;
		};
		ED1E9FA61D96F2860078AEA3 /* Release */ = {
			isa = XCBuildConfiguration;
			buildSettings = {
				ALWAYS_SEARCH_USER_PATHS = NO;
				CLANG_ANALYZER_NONNULL = YES;
				CLANG_CXX_LANGUAGE_STANDARD = "gnu++0x";
				CLANG_CXX_LIBRARY = "libc++";
				CLANG_ENABLE_MODULES = YES;
				CLANG_ENABLE_OBJC_ARC = YES;
				CLANG_WARN_BOOL_CONVERSION = YES;
				CLANG_WARN_CONSTANT_CONVERSION = YES;
				CLANG_WARN_DIRECT_OBJC_ISA_USAGE = YES_ERROR;
				CLANG_WARN_EMPTY_BODY = YES;
				CLANG_WARN_ENUM_CONVERSION = YES;
				CLANG_WARN_INT_CONVERSION = YES;
				CLANG_WARN_OBJC_ROOT_CLASS = YES_ERROR;
				CLANG_WARN_UNREACHABLE_CODE = YES;
				CLANG_WARN__DUPLICATE_METHOD_MATCH = YES;
				"CODE_SIGN_IDENTITY[sdk=iphoneos*]" = "iPhone Developer";
				COPY_PHASE_STRIP = NO;
				DEBUG_INFORMATION_FORMAT = "dwarf-with-dsym";
				ENABLE_NS_ASSERTIONS = NO;
				ENABLE_STRICT_OBJC_MSGSEND = YES;
				GCC_C_LANGUAGE_STANDARD = gnu99;
				GCC_NO_COMMON_BLOCKS = YES;
				GCC_WARN_64_TO_32_BIT_CONVERSION = YES;
				GCC_WARN_ABOUT_RETURN_TYPE = YES_ERROR;
				GCC_WARN_UNDECLARED_SELECTOR = YES;
				GCC_WARN_UNINITIALIZED_AUTOS = YES_AGGRESSIVE;
				GCC_WARN_UNUSED_FUNCTION = YES;
				GCC_WARN_UNUSED_VARIABLE = YES;
				IPHONEOS_DEPLOYMENT_TARGET = 9.3;
				MTL_ENABLE_DEBUG_INFO = NO;
				SDKROOT = iphoneos;
				VALIDATE_PRODUCT = YES;
			};
			name = Release;
		};
		ED1E9FA81D96F2860078AEA3 /* Debug */ = {
			isa = XCBuildConfiguration;
			baseConfigurationReference = F2A06CD468AE1F06049F4E3E /* Pods-StyleBy....debug.xcconfig */;
			buildSettings = {
				ASSETCATALOG_COMPILER_APPICON_NAME = AppIcon;
				CLANG_ENABLE_MODULES = YES;
				CODE_SIGN_IDENTITY = "iPhone Developer";
				"CODE_SIGN_IDENTITY[sdk=iphoneos*]" = "iPhone Developer";
				INFOPLIST_FILE = StyleBy.../Info.plist;
				LD_RUNPATH_SEARCH_PATHS = "$(inherited) @executable_path/Frameworks";
				PRODUCT_BUNDLE_IDENTIFIER = com.jasonthewhippingboy.styleby;
				PRODUCT_NAME = "$(TARGET_NAME)";
				PROVISIONING_PROFILE = "";
				SWIFT_OPTIMIZATION_LEVEL = "-Onone";
				SWIFT_VERSION = 3.0;
			};
			name = Debug;
		};
		ED1E9FA91D96F2860078AEA3 /* Release */ = {
			isa = XCBuildConfiguration;
			baseConfigurationReference = 0B79BF0D3188E3C4619B18DD /* Pods-StyleBy....release.xcconfig */;
			buildSettings = {
				ASSETCATALOG_COMPILER_APPICON_NAME = AppIcon;
				CLANG_ENABLE_MODULES = YES;
				CODE_SIGN_IDENTITY = "iPhone Developer";
				"CODE_SIGN_IDENTITY[sdk=iphoneos*]" = "iPhone Developer";
				INFOPLIST_FILE = StyleBy.../Info.plist;
				LD_RUNPATH_SEARCH_PATHS = "$(inherited) @executable_path/Frameworks";
				PRODUCT_BUNDLE_IDENTIFIER = com.jasonthewhippingboy.styleby;
				PRODUCT_NAME = "$(TARGET_NAME)";
				PROVISIONING_PROFILE = "";
				SWIFT_VERSION = 3.0;
			};
			name = Release;
		};
		ED1E9FAB1D96F2860078AEA3 /* Debug */ = {
			isa = XCBuildConfiguration;
			baseConfigurationReference = 02A861356D770E6AD9724993 /* Pods-StyleBy...Tests.debug.xcconfig */;
			buildSettings = {
				BUNDLE_LOADER = "$(TEST_HOST)";
				INFOPLIST_FILE = StyleBy...Tests/Info.plist;
				LD_RUNPATH_SEARCH_PATHS = "$(inherited) @executable_path/Frameworks @loader_path/Frameworks";
				PRODUCT_BUNDLE_IDENTIFIER = "dev.StyleBy---Tests";
				PRODUCT_NAME = "$(TARGET_NAME)";
				TEST_HOST = "$(BUILT_PRODUCTS_DIR)/StyleBy....app/StyleBy...";
			};
			name = Debug;
		};
		ED1E9FAC1D96F2860078AEA3 /* Release */ = {
			isa = XCBuildConfiguration;
			baseConfigurationReference = E7168B6E11E198CA98017A70 /* Pods-StyleBy...Tests.release.xcconfig */;
			buildSettings = {
				BUNDLE_LOADER = "$(TEST_HOST)";
				INFOPLIST_FILE = StyleBy...Tests/Info.plist;
				LD_RUNPATH_SEARCH_PATHS = "$(inherited) @executable_path/Frameworks @loader_path/Frameworks";
				PRODUCT_BUNDLE_IDENTIFIER = "dev.StyleBy---Tests";
				PRODUCT_NAME = "$(TARGET_NAME)";
				TEST_HOST = "$(BUILT_PRODUCTS_DIR)/StyleBy....app/StyleBy...";
			};
			name = Release;
		};
		ED1E9FAE1D96F2860078AEA3 /* Debug */ = {
			isa = XCBuildConfiguration;
			baseConfigurationReference = B7B1DA13870F02BCE7A2AB92 /* Pods-StyleBy...UITests.debug.xcconfig */;
			buildSettings = {
				INFOPLIST_FILE = StyleBy...UITests/Info.plist;
				LD_RUNPATH_SEARCH_PATHS = "$(inherited) @executable_path/Frameworks @loader_path/Frameworks";
				PRODUCT_BUNDLE_IDENTIFIER = "dev.StyleBy---UITests";
				PRODUCT_NAME = "$(TARGET_NAME)";
				SWIFT_VERSION = 3.0;
				TEST_TARGET_NAME = StyleBy...;
			};
			name = Debug;
		};
		ED1E9FAF1D96F2860078AEA3 /* Release */ = {
			isa = XCBuildConfiguration;
			baseConfigurationReference = D0E67311E40DA1D633BDAD21 /* Pods-StyleBy...UITests.release.xcconfig */;
			buildSettings = {
				INFOPLIST_FILE = StyleBy...UITests/Info.plist;
				LD_RUNPATH_SEARCH_PATHS = "$(inherited) @executable_path/Frameworks @loader_path/Frameworks";
				PRODUCT_BUNDLE_IDENTIFIER = "dev.StyleBy---UITests";
				PRODUCT_NAME = "$(TARGET_NAME)";
				SWIFT_VERSION = 3.0;
				TEST_TARGET_NAME = StyleBy...;
			};
			name = Release;
		};
/* End XCBuildConfiguration section */

/* Begin XCConfigurationList section */
		ED1E9F7A1D96F2850078AEA3 /* Build configuration list for PBXProject "StyleBy..." */ = {
			isa = XCConfigurationList;
			buildConfigurations = (
				ED1E9FA51D96F2860078AEA3 /* Debug */,
				ED1E9FA61D96F2860078AEA3 /* Release */,
			);
			defaultConfigurationIsVisible = 0;
			defaultConfigurationName = Release;
		};
		ED1E9FA71D96F2860078AEA3 /* Build configuration list for PBXNativeTarget "StyleBy..." */ = {
			isa = XCConfigurationList;
			buildConfigurations = (
				ED1E9FA81D96F2860078AEA3 /* Debug */,
				ED1E9FA91D96F2860078AEA3 /* Release */,
			);
			defaultConfigurationIsVisible = 0;
			defaultConfigurationName = Release;
		};
		ED1E9FAA1D96F2860078AEA3 /* Build configuration list for PBXNativeTarget "StyleBy...Tests" */ = {
			isa = XCConfigurationList;
			buildConfigurations = (
				ED1E9FAB1D96F2860078AEA3 /* Debug */,
				ED1E9FAC1D96F2860078AEA3 /* Release */,
			);
			defaultConfigurationIsVisible = 0;
			defaultConfigurationName = Release;
		};
		ED1E9FAD1D96F2860078AEA3 /* Build configuration list for PBXNativeTarget "StyleBy...UITests" */ = {
			isa = XCConfigurationList;
			buildConfigurations = (
				ED1E9FAE1D96F2860078AEA3 /* Debug */,
				ED1E9FAF1D96F2860078AEA3 /* Release */,
			);
			defaultConfigurationIsVisible = 0;
			defaultConfigurationName = Release;
		};
/* End XCConfigurationList section */
	};
	rootObject = ED1E9F771D96F2850078AEA3 /* Project object */;
}
